{
  "nodes": {
    "caddy": {
      "locked": {
        "lastModified": 1759295910,
        "narHash": "sha256-w6XBQd3UCYKzSpWq/ckTCKmdFqIIDE1JcDBJFZdZCaw=",
        "owner": "vincentbernat",
        "repo": "caddy-nix",
        "rev": "516fabe2f03631e389b786062e0892343615cbb8",
        "type": "github"
      },
      "original": {
        "owner": "vincentbernat",
        "repo": "caddy-nix",
        "type": "github"
      }
    },
    "devshell-tools": {
      "inputs": {
        "flake-utils": "flake-utils",
        "nixpkgs": "nixpkgs"
      },
      "locked": {
        "lastModified": 1738885662,
        "narHash": "sha256-Yx6S9BDjWTsIa1axkSfohAcJd/c+atoHlnJ8DmiyQc0=",
        "owner": "eikek",
        "repo": "devshell-tools",
        "rev": "c7bd3940f02bb04a52d987082b1f5e2ca3f8afc2",
        "type": "github"
      },
      "original": {
        "owner": "eikek",
        "repo": "devshell-tools",
        "type": "github"
      }
    },
    "disko": {
      "inputs": {
        "nixpkgs": [
          "nixpkgs"
        ]
      },
      "locked": {
        "lastModified": 1765794845,
        "narHash": "sha256-YD5QWlGnusNbZCqR3pxG8tRxx9yUXayLZfAJRWspq2s=",
        "owner": "nix-community",
        "repo": "disko",
        "rev": "7194cfe5b7a3660726b0fe7296070eaef601cae9",
        "type": "github"
      },
      "original": {
        "owner": "nix-community",
        "repo": "disko",
        "type": "github"
      }
    },
    "docspell": {
      "inputs": {
        "devshell-tools": "devshell-tools",
        "flake-utils": "flake-utils_2",
        "nixpkgs": "nixpkgs_2"
      },
      "locked": {
        "lastModified": 1766007069,
        "narHash": "sha256-Um5brV27bHradvz5VundVFE9fAPMyvahYh8Glj0FihI=",
        "owner": "eikek",
        "repo": "docspell",
        "rev": "f66094b3ac55746614ab663aa0a738c5b5dfae9c",
        "type": "github"
      },
      "original": {
        "owner": "eikek",
        "repo": "docspell",
        "type": "github"
      }
    },
    "flake-utils": {
      "inputs": {
        "systems": "systems"
      },
      "locked": {
        "lastModified": 1731533236,
        "narHash": "sha256-l0KFg5HjrsfsO/JpG+r7fRrqm12kzFHyUHqHCVpMMbI=",
        "owner": "numtide",
        "repo": "flake-utils",
        "rev": "11707dc2f618dd54ca8739b309ec4fc024de578b",
        "type": "github"
      },
      "original": {
        "owner": "numtide",
        "repo": "flake-utils",
        "type": "github"
      }
    },
    "flake-utils_2": {
      "inputs": {
        "systems": "systems_2"
      },
      "locked": {
        "lastModified": 1731533236,
        "narHash": "sha256-l0KFg5HjrsfsO/JpG+r7fRrqm12kzFHyUHqHCVpMMbI=",
        "owner": "numtide",
        "repo": "flake-utils",
        "rev": "11707dc2f618dd54ca8739b309ec4fc024de578b",
        "type": "github"
      },
      "original": {
        "owner": "numtide",
        "repo": "flake-utils",
        "type": "github"
      }
    },
    "home-manager": {
      "inputs": {
        "nixpkgs": [
          "nixpkgs"
        ]
      },
      "locked": {
        "lastModified": 1765980955,
        "narHash": "sha256-rB45jv4uwC90vM9UZ70plfvY/2Kdygs+zlQ07dGQFk4=",
        "owner": "nix-community",
        "repo": "home-manager",
        "rev": "89c9508bbe9b40d36b3dc206c2483ef176f15173",
        "type": "github"
      },
      "original": {
        "id": "home-manager",
        "type": "indirect"
      }
    },
    "nixpkgs": {
      "locked": {
        "lastModified": 1736867362,
        "narHash": "sha256-i/UJ5I7HoqmFMwZEH6vAvBxOrjjOJNU739lnZnhUln8=",
        "owner": "NixOS",
        "repo": "nixpkgs",
        "rev": "9c6b49aeac36e2ed73a8c472f1546f6d9cf1addc",
        "type": "github"
      },
      "original": {
        "owner": "NixOS",
        "ref": "nixos-24.11",
        "repo": "nixpkgs",
        "type": "github"
      }
    },
    "nixpkgs_2": {
      "locked": {
        "lastModified": 1741862977,
        "narHash": "sha256-prZ0M8vE/ghRGGZcflvxCu40ObKaB+ikn74/xQoNrGQ=",
        "owner": "NixOS",
        "repo": "nixpkgs",
        "rev": "cdd2ef009676ac92b715ff26630164bb88fec4e0",
        "type": "github"
      },
      "original": {
        "owner": "NixOS",
        "ref": "nixos-24.11",
        "repo": "nixpkgs",
        "type": "github"
      }
    },
    "nixpkgs_3": {
      "locked": {
        "lastModified": 1765779637,
        "narHash": "sha256-KJ2wa/BLSrTqDjbfyNx70ov/HdgNBCBBSQP3BIzKnv4=",
        "owner": "NixOS",
        "repo": "nixpkgs",
        "rev": "1306659b587dc277866c7b69eb97e5f07864d8c4",
        "type": "github"
      },
      "original": {
        "owner": "NixOS",
        "ref": "nixos-unstable",
        "repo": "nixpkgs",
        "type": "github"
      }
    },
    "root": {
      "inputs": {
        "caddy": "caddy",
        "disko": "disko",
        "docspell": "docspell",
        "home-manager": "home-manager",
        "nixpkgs": "nixpkgs_3"
      }
    },
    "systems": {
      "locked": {
        "lastModified": 1681028828,
        "narHash": "sha256-Vy1rq5AaRuLzOxct8nz4T6wlgyUR7zLU309k9mBC768=",
        "owner": "nix-systems",
        "repo": "default",
        "rev": "da67096a3b9bf56a91d16901293e51ba5b49a27e",
        "type": "github"
      },
      "original": {
        "owner": "nix-systems",
        "repo": "default",
        "type": "github"
      }
    },
    "systems_2": {
      "locked": {
        "lastModified": 1681028828,
        "narHash": "sha256-Vy1rq5AaRuLzOxct8nz4T6wlgyUR7zLU309k9mBC768=",
        "owner": "nix-systems",
        "repo": "default",
        "rev": "da67096a3b9bf56a91d16901293e51ba5b49a27e",
        "type": "github"
      },
      "original": {
        "owner": "nix-systems",
        "repo": "default",
        "type": "github"
      }
    }
  },
  "root": "root",
  "version": 7
}
